
Microsoft Visual Studio Solution File, Format Version 12.00
# Visual Studio Version 16
VisualStudioVersion = 25.0.1706.5
MinimumVisualStudioVersion = 10.0.40219.1
Project("{FAE04EC0-301F-11D3-BF4B-00C04F79EFBC}") = "ZumRailsAPI", "ZumRailsAPI\ZumRailsAPI.csproj", "{B319BF6F-3368-4735-9A31-39320BF4544C}"
EndProject
Project("{FAE04EC0-301F-11D3-BF4B-00C04F79EFBC}") = "ZumRailsTests", "ZumRailsTests\ZumRailsTests.csproj", "{02734590-1FCD-4D6E-A9DF-C0F0AD7FF556}"
EndProject
Global
	GlobalSection(SolutionConfigurationPlatforms) = preSolution
		Debug|Any CPU = Debug|Any CPU
		Release|Any CPU = Release|Any CPU
	EndGlobalSection
	GlobalSection(ProjectConfigurationPlatforms) = postSolution
		{B319BF6F-3368-4735-9A31-39320BF4544C}.Debug|Any CPU.ActiveCfg = Debug|Any CPU
		{B319BF6F-3368-4735-9A31-39320BF4544C}.Debug|Any CPU.Build.0 = Debug|Any CPU
		{B319BF6F-3368-4735-9A31-39320BF4544C}.Release|Any CPU.ActiveCfg = Release|Any CPU
		{B319BF6F-3368-4735-9A31-39320BF4544C}.Release|Any CPU.Build.0 = Release|Any CPU
		{02734590-1FCD-4D6E-A9DF-C0F0AD7FF556}.Debug|Any CPU.ActiveCfg = Debug|Any CPU
		{02734590-1FCD-4D6E-A9DF-C0F0AD7FF556}.Debug|Any CPU.Build.0 = Debug|Any CPU
		{02734590-1FCD-4D6E-A9DF-C0F0AD7FF556}.Release|Any CPU.ActiveCfg = Release|Any CPU
		{02734590-1FCD-4D6E-A9DF-C0F0AD7FF556}.Release|Any CPU.Build.0 = Release|Any CPU
	EndGlobalSection
	GlobalSection(SolutionProperties) = preSolution
		HideSolutionNode = FALSE
	EndGlobalSection
	GlobalSection(ExtensibilityGlobals) = postSolution
		SolutionGuid = {367327DC-C823-4273-9939-DDB138419E5C}
	EndGlobalSection
EndGlobal
